PODS:
  - Alamofire (4.7.0)
  - TimelineTableViewCell (1.2)
  - YXWaveView (0.5.0)

DEPENDENCIES:
  - Alamofire (~> 4.7)
  - TimelineTableViewCell
  - YXWaveView

SPEC CHECKSUMS:
  Alamofire: 907e0a98eb68cdb7f9d1f541a563d6ac5dc77b25
  TimelineTableViewCell: 71a4bc787bfeb5a85083171d18b113a5f5db2be8
  YXWaveView: 3570d7244b08effd077a5c63b0693aa44b7cd369

PODFILE CHECKSUM: e5c14ca527687a8afa13a03121214db6d76aabc8

COCOAPODS: 1.3.1
